{
  "requires": true,
  "lockfileVersion": 1,
  "dependencies": {
    "figma-development-kit": {
      "version": "1.0.12",
      "resolved": "https://registry.npmjs.org/figma-development-kit/-/figma-development-kit-1.0.12.tgz",
      "integrity": "sha512-rs+AQ8IxQuRtIbXOk5g9Eqdw81mxnwrqa3tvN6zxmNPQb3rPMOtwb5vYuKDIsCUZ/s2ywF9Aqyv5aG5ZJHSbGw=="
    }
  }
}
